
Microsoft Visual Studio Solution File, Format Version 12.00
# Visual Studio Version 17
VisualStudioVersion = 17.14.36414.22 d17.14
MinimumVisualStudioVersion = 10.0.40219.1
Project("{54A90642-561A-4BB1-A94E-469ADEE60C69}") = "reactcomments.client", "reactcomments.client\reactcomments.client.esproj", "{71E66FEB-77B7-6867-0E5C-8D48121D7449}"
EndProject
Project("{FAE04EC0-301F-11D3-BF4B-00C04F79EFBC}") = "ReactComments.Server", "ReactComments.Server\ReactComments.Server.csproj", "{CDD39973-066A-4792-95DA-6E5720B796C6}"
EndProject
Global
	GlobalSection(SolutionConfigurationPlatforms) = preSolution
		Debug|Any CPU = Debug|Any CPU
		Release|Any CPU = Release|Any CPU
	EndGlobalSection
	GlobalSection(ProjectConfigurationPlatforms) = postSolution
		{71E66FEB-77B7-6867-0E5C-8D48121D7449}.Debug|Any CPU.ActiveCfg = Debug|Any CPU
		{71E66FEB-77B7-6867-0E5C-8D48121D7449}.Debug|Any CPU.Build.0 = Debug|Any CPU
		{71E66FEB-77B7-6867-0E5C-8D48121D7449}.Debug|Any CPU.Deploy.0 = Debug|Any CPU
		{71E66FEB-77B7-6867-0E5C-8D48121D7449}.Release|Any CPU.ActiveCfg = Release|Any CPU
		{71E66FEB-77B7-6867-0E5C-8D48121D7449}.Release|Any CPU.Build.0 = Release|Any CPU
		{71E66FEB-77B7-6867-0E5C-8D48121D7449}.Release|Any CPU.Deploy.0 = Release|Any CPU
		{CDD39973-066A-4792-95DA-6E5720B796C6}.Debug|Any CPU.ActiveCfg = Debug|Any CPU
		{CDD39973-066A-4792-95DA-6E5720B796C6}.Debug|Any CPU.Build.0 = Debug|Any CPU
		{CDD39973-066A-4792-95DA-6E5720B796C6}.Release|Any CPU.ActiveCfg = Release|Any CPU
		{CDD39973-066A-4792-95DA-6E5720B796C6}.Release|Any CPU.Build.0 = Release|Any CPU
	EndGlobalSection
	GlobalSection(SolutionProperties) = preSolution
		HideSolutionNode = FALSE
	EndGlobalSection
	GlobalSection(ExtensibilityGlobals) = postSolution
		SolutionGuid = {A0A8CFEE-20ED-430F-BEAD-5A9CA2401AF9}
	EndGlobalSection
EndGlobal
